// !$*UTF8*$!
{
	archiveVersion = 1;
	classes = {
	};
	objectVersion = 55;
	objects = {

/* Begin PBXBuildFile section */
		02812748271F28D3009320FE /* AppDelegate.swift in Sources */ = {isa = PBXBuildFile; fileRef = 02812747271F28D3009320FE /* AppDelegate.swift */; };
		0281274A271F28D3009320FE /* SceneDelegate.swift in Sources */ = {isa = PBXBuildFile; fileRef = 02812749271F28D3009320FE /* SceneDelegate.swift */; };
		0281274C271F28D3009320FE /* SearchTableViewController.swift in Sources */ = {isa = PBXBuildFile; fileRef = 0281274B271F28D3009320FE /* SearchTableViewController.swift */; };
		0281274F271F28D3009320FE /* Main.storyboard in Resources */ = {isa = PBXBuildFile; fileRef = 0281274D271F28D3009320FE /* Main.storyboard */; };
		02812751271F28D6009320FE /* Assets.xcassets in Resources */ = {isa = PBXBuildFile; fileRef = 02812750271F28D6009320FE /* Assets.xcassets */; };
		02812754271F28D6009320FE /* LaunchScreen.storyboard in Resources */ = {isa = PBXBuildFile; fileRef = 02812752271F28D6009320FE /* LaunchScreen.storyboard */; };
		0281275E271F3393009320FE /* SearchTableViewCell.swift in Sources */ = {isa = PBXBuildFile; fileRef = 0281275D271F3393009320FE /* SearchTableViewCell.swift */; };
		02812761271F386E009320FE /* APIService.swift in Sources */ = {isa = PBXBuildFile; fileRef = 02812760271F386E009320FE /* APIService.swift */; };
		327837641B2AAD30CEA5CDEA /* Pods_CalcuStock.framework in Frameworks */ = {isa = PBXBuildFile; fileRef = 9ED12A0F503BB373C2A00036 /* Pods_CalcuStock.framework */; };
/* End PBXBuildFile section */

/* Begin PBXFileReference section */
		02812744271F28D3009320FE /* CalcuStock.app */ = {isa = PBXFileReference; explicitFileType = wrapper.application; includeInIndex = 0; path = CalcuStock.app; sourceTree = BUILT_PRODUCTS_DIR; };
		02812747271F28D3009320FE /* AppDelegate.swift */ = {isa = PBXFileReference; lastKnownFileType = sourcecode.swift; path = AppDelegate.swift; sourceTree = "<group>"; };
		02812749271F28D3009320FE /* SceneDelegate.swift */ = {isa = PBXFileReference; lastKnownFileType = sourcecode.swift; path = SceneDelegate.swift; sourceTree = "<group>"; };
		0281274B271F28D3009320FE /* SearchTableViewController.swift */ = {isa = PBXFileReference; lastKnownFileType = sourcecode.swift; path = SearchTableViewController.swift; sourceTree = "<group>"; };
		0281274E271F28D3009320FE /* Base */ = {isa = PBXFileReference; lastKnownFileType = file.storyboard; name = Base; path = Base.lproj/Main.storyboard; sourceTree = "<group>"; };
		02812750271F28D6009320FE /* Assets.xcassets */ = {isa = PBXFileReference; lastKnownFileType = folder.assetcatalog; path = Assets.xcassets; sourceTree = "<group>"; };
		02812753271F28D6009320FE /* Base */ = {isa = PBXFileReference; lastKnownFileType = file.storyboard; name = Base; path = Base.lproj/LaunchScreen.storyboard; sourceTree = "<group>"; };
		02812755271F28D6009320FE /* Info.plist */ = {isa = PBXFileReference; lastKnownFileType = text.plist.xml; path = Info.plist; sourceTree = "<group>"; };
		0281275D271F3393009320FE /* SearchTableViewCell.swift */ = {isa = PBXFileReference; lastKnownFileType = sourcecode.swift; path = SearchTableViewCell.swift; sourceTree = "<group>"; };
		02812760271F386E009320FE /* APIService.swift */ = {isa = PBXFileReference; lastKnownFileType = sourcecode.swift; path = APIService.swift; sourceTree = "<group>"; };
		9ED12A0F503BB373C2A00036 /* Pods_CalcuStock.framework */ = {isa = PBXFileReference; explicitFileType = wrapper.framework; includeInIndex = 0; path = Pods_CalcuStock.framework; sourceTree = BUILT_PRODUCTS_DIR; };
		AD874A0D8281CC8CF35690C0 /* Pods-CalcuStock.release.xcconfig */ = {isa = PBXFileReference; includeInIndex = 1; lastKnownFileType = text.xcconfig; name = "Pods-CalcuStock.release.xcconfig"; path = "Target Support Files/Pods-CalcuStock/Pods-CalcuStock.release.xcconfig"; sourceTree = "<group>"; };
		FE67173D728978FE7BF7C2C8 /* Pods-CalcuStock.debug.xcconfig */ = {isa = PBXFileReference; includeInIndex = 1; lastKnownFileType = text.xcconfig; name = "Pods-CalcuStock.debug.xcconfig"; path = "Target Support Files/Pods-CalcuStock/Pods-CalcuStock.debug.xcconfig"; sourceTree = "<group>"; };
/* End PBXFileReference section */

/* Begin PBXFrameworksBuildPhase section */
		02812741271F28D3009320FE /* Frameworks */ = {
			isa = PBXFrameworksBuildPhase;
			buildActionMask = 2147483647;
			files = (
				327837641B2AAD30CEA5CDEA /* Pods_CalcuStock.framework in Frameworks */,
			);
			runOnlyForDeploymentPostprocessing = 0;
		};
/* End PBXFrameworksBuildPhase section */

/* Begin PBXGroup section */
		0281273B271F28D3009320FE = {
			isa = PBXGroup;
			children = (
				02812746271F28D3009320FE /* CalcuStock */,
				02812745271F28D3009320FE /* Products */,
				B3628DAA5C514B9F4B907A92 /* Pods */,
				5FD6D2D62524CB479635F6FE /* Frameworks */,
			);
			sourceTree = "<group>";
		};
		02812745271F28D3009320FE /* Products */ = {
			isa = PBXGroup;
			children = (
				02812744271F28D3009320FE /* CalcuStock.app */,
			);
			name = Products;
			sourceTree = "<group>";
		};
		02812746271F28D3009320FE /* CalcuStock */ = {
			isa = PBXGroup;
			children = (
				0281275F271F3860009320FE /* Service */,
				0281275C271F3378009320FE /* controller */,
				0281275B271F3370009320FE /* view */,
				02812747271F28D3009320FE /* AppDelegate.swift */,
				02812749271F28D3009320FE /* SceneDelegate.swift */,
				0281274D271F28D3009320FE /* Main.storyboard */,
				02812750271F28D6009320FE /* Assets.xcassets */,
				02812752271F28D6009320FE /* LaunchScreen.storyboard */,
				02812755271F28D6009320FE /* Info.plist */,
			);
			path = CalcuStock;
			sourceTree = "<group>";
		};
		0281275B271F3370009320FE /* view */ = {
			isa = PBXGroup;
			children = (
				0281275D271F3393009320FE /* SearchTableViewCell.swift */,
			);
			path = view;
			sourceTree = "<group>";
		};
		0281275C271F3378009320FE /* controller */ = {
			isa = PBXGroup;
			children = (
				0281274B271F28D3009320FE /* SearchTableViewController.swift */,
			);
			path = controller;
			sourceTree = "<group>";
		};
		0281275F271F3860009320FE /* Service */ = {
			isa = PBXGroup;
			children = (
				02812760271F386E009320FE /* APIService.swift */,
			);
			path = Service;
			sourceTree = "<group>";
		};
		5FD6D2D62524CB479635F6FE /* Frameworks */ = {
			isa = PBXGroup;
			children = (
				9ED12A0F503BB373C2A00036 /* Pods_CalcuStock.framework */,
			);
			name = Frameworks;
			sourceTree = "<group>";
		};
		B3628DAA5C514B9F4B907A92 /* Pods */ = {
			isa = PBXGroup;
			children = (
				FE67173D728978FE7BF7C2C8 /* Pods-CalcuStock.debug.xcconfig */,
				AD874A0D8281CC8CF35690C0 /* Pods-CalcuStock.release.xcconfig */,
			);
			path = Pods;
			sourceTree = "<group>";
		};
/* End PBXGroup section */

/* Begin PBXNativeTarget section */
		02812743271F28D3009320FE /* CalcuStock */ = {
			isa = PBXNativeTarget;
			buildConfigurationList = 02812758271F28D6009320FE /* Build configuration list for PBXNativeTarget "CalcuStock" */;
			buildPhases = (
				A2EB14FD6E9C69CBD61B5DB4 /* [CP] Check Pods Manifest.lock */,
				02812740271F28D3009320FE /* Sources */,
				02812741271F28D3009320FE /* Frameworks */,
				02812742271F28D3009320FE /* Resources */,
				B1817EBAF35D1AF1AA5AC0AC /* [CP] Embed Pods Frameworks */,
			);
			buildRules = (
			);
			dependencies = (
			);
			name = CalcuStock;
			productName = CalcuStock;
			productReference = 02812744271F28D3009320FE /* CalcuStock.app */;
			productType = "com.apple.product-type.application";
		};
/* End PBXNativeTarget section */

/* Begin PBXProject section */
		0281273C271F28D3009320FE /* Project object */ = {
			isa = PBXProject;
			attributes = {
				BuildIndependentTargetsInParallel = 1;
				LastSwiftUpdateCheck = 1300;
				LastUpgradeCheck = 1300;
				TargetAttributes = {
					02812743271F28D3009320FE = {
						CreatedOnToolsVersion = 13.0;
					};
				};
			};
			buildConfigurationList = 0281273F271F28D3009320FE /* Build configuration list for PBXProject "CalcuStock" */;
			compatibilityVersion = "Xcode 13.0";
			developmentRegion = en;
			hasScannedForEncodings = 0;
			knownRegions = (
				en,
				Base,
			);
			mainGroup = 0281273B271F28D3009320FE;
			productRefGroup = 02812745271F28D3009320FE /* Products */;
			projectDirPath = "";
			projectRoot = "";
			targets = (
				02812743271F28D3009320FE /* CalcuStock */,
			);
		};
/* End PBXProject section */

/* Begin PBXResourcesBuildPhase section */
		02812742271F28D3009320FE /* Resources */ = {
			isa = PBXResourcesBuildPhase;
			buildActionMask = 2147483647;
			files = (
				02812754271F28D6009320FE /* LaunchScreen.storyboard in Resources */,
				02812751271F28D6009320FE /* Assets.xcassets in Resources */,
				0281274F271F28D3009320FE /* Main.storyboard in Resources */,
			);
			runOnlyForDeploymentPostprocessing = 0;
		};
/* End PBXResourcesBuildPhase section */

/* Begin PBXShellScriptBuildPhase section */
		A2EB14FD6E9C69CBD61B5DB4 /* [CP] Check Pods Manifest.lock */ = {
			isa = PBXShellScriptBuildPhase;
			buildActionMask = 2147483647;
			files = (
			);
			inputFileListPaths = (
			);
			inputPaths = (
				"${PODS_PODFILE_DIR_PATH}/Podfile.lock",
				"${PODS_ROOT}/Manifest.lock",
			);
			name = "[CP] Check Pods Manifest.lock";
			outputFileListPaths = (
			);
			outputPaths = (
				"$(DERIVED_FILE_DIR)/Pods-CalcuStock-checkManifestLockResult.txt",
			);
			runOnlyForDeploymentPostprocessing = 0;
			shellPath = /bin/sh;
			shellScript = "diff \"${PODS_PODFILE_DIR_PATH}/Podfile.lock\" \"${PODS_ROOT}/Manifest.lock\" > /dev/null\nif [ $? != 0 ] ; then\n    # print error to STDERR\n    echo \"error: The sandbox is not in sync with the Podfile.lock. Run 'pod install' or update your CocoaPods installation.\" >&2\n    exit 1\nfi\n# This output is used by Xcode 'outputs' to avoid re-running this script phase.\necho \"SUCCESS\" > \"${SCRIPT_OUTPUT_FILE_0}\"\n";
			showEnvVarsInLog = 0;
		};
		B1817EBAF35D1AF1AA5AC0AC /* [CP] Embed Pods Frameworks */ = {
			isa = PBXShellScriptBuildPhase;
			buildActionMask = 2147483647;
			files = (
			);
			inputFileListPaths = (
				"${PODS_ROOT}/Target Support Files/Pods-CalcuStock/Pods-CalcuStock-frameworks-${CONFIGURATION}-input-files.xcfilelist",
			);
			name = "[CP] Embed Pods Frameworks";
			outputFileListPaths = (
				"${PODS_ROOT}/Target Support Files/Pods-CalcuStock/Pods-CalcuStock-frameworks-${CONFIGURATION}-output-files.xcfilelist",
			);
			runOnlyForDeploymentPostprocessing = 0;
			shellPath = /bin/sh;
			shellScript = "\"${PODS_ROOT}/Target Support Files/Pods-CalcuStock/Pods-CalcuStock-frameworks.sh\"\n";
			showEnvVarsInLog = 0;
		};
/* End PBXShellScriptBuildPhase section */

/* Begin PBXSourcesBuildPhase section */
		02812740271F28D3009320FE /* Sources */ = {
			isa = PBXSourcesBuildPhase;
			buildActionMask = 2147483647;
			files = (
				0281274C271F28D3009320FE /* SearchTableViewController.swift in Sources */,
				02812761271F386E009320FE /* APIService.swift in Sources */,
				0281275E271F3393009320FE /* SearchTableViewCell.swift in Sources */,
				02812748271F28D3009320FE /* AppDelegate.swift in Sources */,
				0281274A271F28D3009320FE /* SceneDelegate.swift in Sources */,
			);
			runOnlyForDeploymentPostprocessing = 0;
		};
/* End PBXSourcesBuildPhase section */

/* Begin PBXVariantGroup section */
		0281274D271F28D3009320FE /* Main.storyboard */ = {
			isa = PBXVariantGroup;
			children = (
				0281274E271F28D3009320FE /* Base */,
			);
			name = Main.storyboard;
			sourceTree = "<group>";
		};
		02812752271F28D6009320FE /* LaunchScreen.storyboard */ = {
			isa = PBXVariantGroup;
			children = (
				02812753271F28D6009320FE /* Base */,
			);
			name = LaunchScreen.storyboard;
			sourceTree = "<group>";
		};
/* End PBXVariantGroup section */

/* Begin XCBuildConfiguration section */
		02812756271F28D6009320FE /* Debug */ = {
			isa = XCBuildConfiguration;
			buildSettings = {
				ALWAYS_SEARCH_USER_PATHS = NO;
				CLANG_ANALYZER_NONNULL = YES;
				CLANG_ANALYZER_NUMBER_OBJECT_CONVERSION = YES_AGGRESSIVE;
				CLANG_CXX_LANGUAGE_STANDARD = "gnu++17";
				CLANG_CXX_LIBRARY = "libc++";
				CLANG_ENABLE_MODULES = YES;
				CLANG_ENABLE_OBJC_ARC = YES;
				CLANG_ENABLE_OBJC_WEAK = YES;
				CLANG_WARN_BLOCK_CAPTURE_AUTORELEASING = YES;
				CLANG_WARN_BOOL_CONVERSION = YES;
				CLANG_WARN_COMMA = YES;
				CLANG_WARN_CONSTANT_CONVERSION = YES;
				CLANG_WARN_DEPRECATED_OBJC_IMPLEMENTATIONS = YES;
				CLANG_WARN_DIRECT_OBJC_ISA_USAGE = YES_ERROR;
				CLANG_WARN_DOCUMENTATION_COMMENTS = YES;
				CLANG_WARN_EMPTY_BODY = YES;
				CLANG_WARN_ENUM_CONVERSION = YES;
				CLANG_WARN_INFINITE_RECURSION = YES;
				CLANG_WARN_INT_CONVERSION = YES;
				CLANG_WARN_NON_LITERAL_NULL_CONVERSION = YES;
				CLANG_WARN_OBJC_IMPLICIT_RETAIN_SELF = YES;
				CLANG_WARN_OBJC_LITERAL_CONVERSION = YES;
				CLANG_WARN_OBJC_ROOT_CLASS = YES_ERROR;
				CLANG_WARN_QUOTED_INCLUDE_IN_FRAMEWORK_HEADER = YES;
				CLANG_WARN_RANGE_LOOP_ANALYSIS = YES;
				CLANG_WARN_STRICT_PROTOTYPES = YES;
				CLANG_WARN_SUSPICIOUS_MOVE = YES;
				CLANG_WARN_UNGUARDED_AVAILABILITY = YES_AGGRESSIVE;
				CLANG_WARN_UNREACHABLE_CODE = YES;
				CLANG_WARN__DUPLICATE_METHOD_MATCH = YES;
				COPY_PHASE_STRIP = NO;
				DEBUG_INFORMATION_FORMAT = dwarf;
				ENABLE_STRICT_OBJC_MSGSEND = YES;
				ENABLE_TESTABILITY = YES;
				GCC_C_LANGUAGE_STANDARD = gnu11;
				GCC_DYNAMIC_NO_PIC = NO;
				GCC_NO_COMMON_BLOCKS = YES;
				GCC_OPTIMIZATION_LEVEL = 0;
				GCC_PREPROCESSOR_DEFINITIONS = (
					"DEBUG=1",
					"$(inherited)",
				);
				GCC_WARN_64_TO_32_BIT_CONVERSION = YES;
				GCC_WARN_ABOUT_RETURN_TYPE = YES_ERROR;
				GCC_WARN_UNDECLARED_SELECTOR = YES;
				GCC_WARN_UNINITIALIZED_AUTOS = YES_AGGRESSIVE;
				GCC_WARN_UNUSED_FUNCTION = YES;
				GCC_WARN_UNUSED_VARIABLE = YES;
				IPHONEOS_DEPLOYMENT_TARGET = 15.0;
				MTL_ENABLE_DEBUG_INFO = INCLUDE_SOURCE;
				MTL_FAST_MATH = YES;
				ONLY_ACTIVE_ARCH = YES;
				SDKROOT = iphoneos;
				SWIFT_ACTIVE_COMPILATION_CONDITIONS = DEBUG;
				SWIFT_OPTIMIZATION_LEVEL = "-Onone";
			};
			name = Debug;
		};
		02812757271F28D6009320FE /* Release */ = {
			isa = XCBuildConfiguration;
			buildSettings = {
				ALWAYS_SEARCH_USER_PATHS = NO;
				CLANG_ANALYZER_NONNULL = YES;
				CLANG_ANALYZER_NUMBER_OBJECT_CONVERSION = YES_AGGRESSIVE;
				CLANG_CXX_LANGUAGE_STANDARD = "gnu++17";
				CLANG_CXX_LIBRARY = "libc++";
				CLANG_ENABLE_MODULES = YES;
				CLANG_ENABLE_OBJC_ARC = YES;
				CLANG_ENABLE_OBJC_WEAK = YES;
				CLANG_WARN_BLOCK_CAPTURE_AUTORELEASING = YES;
				CLANG_WARN_BOOL_CONVERSION = YES;
				CLANG_WARN_COMMA = YES;
				CLANG_WARN_CONSTANT_CONVERSION = YES;
				CLANG_WARN_DEPRECATED_OBJC_IMPLEMENTATIONS = YES;
				CLANG_WARN_DIRECT_OBJC_ISA_USAGE = YES_ERROR;
				CLANG_WARN_DOCUMENTATION_COMMENTS = YES;
				CLANG_WARN_EMPTY_BODY = YES;
				CLANG_WARN_ENUM_CONVERSION = YES;
				CLANG_WARN_INFINITE_RECURSION = YES;
				CLANG_WARN_INT_CONVERSION = YES;
				CLANG_WARN_NON_LITERAL_NULL_CONVERSION = YES;
				CLANG_WARN_OBJC_IMPLICIT_RETAIN_SELF = YES;
				CLANG_WARN_OBJC_LITERAL_CONVERSION = YES;
				CLANG_WARN_OBJC_ROOT_CLASS = YES_ERROR;
				CLANG_WARN_QUOTED_INCLUDE_IN_FRAMEWORK_HEADER = YES;
				CLANG_WARN_RANGE_LOOP_ANALYSIS = YES;
				CLANG_WARN_STRICT_PROTOTYPES = YES;
				CLANG_WARN_SUSPICIOUS_MOVE = YES;
				CLANG_WARN_UNGUARDED_AVAILABILITY = YES_AGGRESSIVE;
				CLANG_WARN_UNREACHABLE_CODE = YES;
				CLANG_WARN__DUPLICATE_METHOD_MATCH = YES;
				COPY_PHASE_STRIP = NO;
				DEBUG_INFORMATION_FORMAT = "dwarf-with-dsym";
				ENABLE_NS_ASSERTIONS = NO;
				ENABLE_STRICT_OBJC_MSGSEND = YES;
				GCC_C_LANGUAGE_STANDARD = gnu11;
				GCC_NO_COMMON_BLOCKS = YES;
				GCC_WARN_64_TO_32_BIT_CONVERSION = YES;
				GCC_WARN_ABOUT_RETURN_TYPE = YES_ERROR;
				GCC_WARN_UNDECLARED_SELECTOR = YES;
				GCC_WARN_UNINITIALIZED_AUTOS = YES_AGGRESSIVE;
				GCC_WARN_UNUSED_FUNCTION = YES;
				GCC_WARN_UNUSED_VARIABLE = YES;
				IPHONEOS_DEPLOYMENT_TARGET = 15.0;
				MTL_ENABLE_DEBUG_INFO = NO;
				MTL_FAST_MATH = YES;
				SDKROOT = iphoneos;
				SWIFT_COMPILATION_MODE = wholemodule;
				SWIFT_OPTIMIZATION_LEVEL = "-O";
				VALIDATE_PRODUCT = YES;
			};
			name = Release;
		};
		02812759271F28D6009320FE /* Debug */ = {
			isa = XCBuildConfiguration;
			baseConfigurationReference = FE67173D728978FE7BF7C2C8 /* Pods-CalcuStock.debug.xcconfig */;
			buildSettings = {
				ASSETCATALOG_COMPILER_APPICON_NAME = AppIcon;
				ASSETCATALOG_COMPILER_GLOBAL_ACCENT_COLOR_NAME = AccentColor;
				CODE_SIGN_STYLE = Automatic;
				CURRENT_PROJECT_VERSION = 1;
				DEVELOPMENT_TEAM = NZ4J9325UD;
				GENERATE_INFOPLIST_FILE = YES;
				INFOPLIST_FILE = CalcuStock/Info.plist;
				INFOPLIST_KEY_UIApplicationSupportsIndirectInputEvents = YES;
				INFOPLIST_KEY_UILaunchStoryboardName = LaunchScreen;
				INFOPLIST_KEY_UIMainStoryboardFile = Main;
				INFOPLIST_KEY_UISupportedInterfaceOrientations_iPad = "UIInterfaceOrientationPortrait UIInterfaceOrientationPortraitUpsideDown UIInterfaceOrientationLandscapeLeft UIInterfaceOrientationLandscapeRight";
				INFOPLIST_KEY_UISupportedInterfaceOrientations_iPhone = "UIInterfaceOrientationPortrait UIInterfaceOrientationLandscapeLeft UIInterfaceOrientationLandscapeRight";
				LD_RUNPATH_SEARCH_PATHS = (
					"$(inherited)",
					"@executable_path/Frameworks",
				);
				MARKETING_VERSION = 1.0;
				PRODUCT_BUNDLE_IDENTIFIER = com.gilbertnicholas.CalcuStock;
				PRODUCT_NAME = "$(TARGET_NAME)";
				SWIFT_EMIT_LOC_STRINGS = YES;
				SWIFT_VERSION = 5.0;
				TARGETED_DEVICE_FAMILY = "1,2";
			};
			name = Debug;
		};
		0281275A271F28D6009320FE /* Release */ = {
			isa = XCBuildConfiguration;
			baseConfigurationReference = AD874A0D8281CC8CF35690C0 /* Pods-CalcuStock.release.xcconfig */;
			buildSettings = {
				ASSETCATALOG_COMPILER_APPICON_NAME = AppIcon;
				ASSETCATALOG_COMPILER_GLOBAL_ACCENT_COLOR_NAME = AccentColor;
				CODE_SIGN_STYLE = Automatic;
				CURRENT_PROJECT_VERSION = 1;
				DEVELOPMENT_TEAM = NZ4J9325UD;
				GENERATE_INFOPLIST_FILE = YES;
				INFOPLIST_FILE = CalcuStock/Info.plist;
				INFOPLIST_KEY_UIApplicationSupportsIndirectInputEvents = YES;
				INFOPLIST_KEY_UILaunchStoryboardName = LaunchScreen;
				INFOPLIST_KEY_UIMainStoryboardFile = Main;
				INFOPLIST_KEY_UISupportedInterfaceOrientations_iPad = "UIInterfaceOrientationPortrait UIInterfaceOrientationPortraitUpsideDown UIInterfaceOrientationLandscapeLeft UIInterfaceOrientationLandscapeRight";
				INFOPLIST_KEY_UISupportedInterfaceOrientations_iPhone = "UIInterfaceOrientationPortrait UIInterfaceOrientationLandscapeLeft UIInterfaceOrientationLandscapeRight";
				LD_RUNPATH_SEARCH_PATHS = (
					"$(inherited)",
					"@executable_path/Frameworks",
				);
				MARKETING_VERSION = 1.0;
				PRODUCT_BUNDLE_IDENTIFIER = com.gilbertnicholas.CalcuStock;
				PRODUCT_NAME = "$(TARGET_NAME)";
				SWIFT_EMIT_LOC_STRINGS = YES;
				SWIFT_VERSION = 5.0;
				TARGETED_DEVICE_FAMILY = "1,2";
			};
			name = Release;
		};
/* End XCBuildConfiguration section */

/* Begin XCConfigurationList section */
		0281273F271F28D3009320FE /* Build configuration list for PBXProject "CalcuStock" */ = {
			isa = XCConfigurationList;
			buildConfigurations = (
				02812756271F28D6009320FE /* Debug */,
				02812757271F28D6009320FE /* Release */,
			);
			defaultConfigurationIsVisible = 0;
			defaultConfigurationName = Release;
		};
		02812758271F28D6009320FE /* Build configuration list for PBXNativeTarget "CalcuStock" */ = {
			isa = XCConfigurationList;
			buildConfigurations = (
				02812759271F28D6009320FE /* Debug */,
				0281275A271F28D6009320FE /* Release */,
			);
			defaultConfigurationIsVisible = 0;
			defaultConfigurationName = Release;
		};
/* End XCConfigurationList section */
	};
	rootObject = 0281273C271F28D3009320FE /* Project object */;
}
